
Microsoft Visual Studio Solution File, Format Version 12.00
# Visual Studio Version 16
VisualStudioVersion = 16.0.29424.173
MinimumVisualStudioVersion = 10.0.40219.1
Project("{FAE04EC0-301F-11D3-BF4B-00C04F79EFBC}") = "TiMovi", "TiMovi\TiMovi.csproj", "{AC3FDD92-D875-4643-81DE-FD997539F8DD}"
EndProject
Project("{2150E333-8FDC-42A3-9474-1A3956D46DE8}") = "Main", "Main", "{7D57A460-2C51-42A0-97CE-497F521B1C2E}"
EndProject
Project("{2150E333-8FDC-42A3-9474-1A3956D46DE8}") = "Tests", "Tests", "{C6202284-75F5-45E8-AEF4-1EAB39848AAB}"
EndProject
Project("{FAE04EC0-301F-11D3-BF4B-00C04F79EFBC}") = "WorldUnitTest", "WorldUnitTest\WorldUnitTest.csproj", "{AA3C5B3E-2734-49E3-905A-64C9E6AC70B7}"
EndProject
Global
	GlobalSection(SolutionConfigurationPlatforms) = preSolution
		Debug|Any CPU = Debug|Any CPU
		Release|Any CPU = Release|Any CPU
	EndGlobalSection
	GlobalSection(ProjectConfigurationPlatforms) = postSolution
		{AC3FDD92-D875-4643-81DE-FD997539F8DD}.Debug|Any CPU.ActiveCfg = Debug|Any CPU
		{AC3FDD92-D875-4643-81DE-FD997539F8DD}.Debug|Any CPU.Build.0 = Debug|Any CPU
		{AC3FDD92-D875-4643-81DE-FD997539F8DD}.Release|Any CPU.ActiveCfg = Release|Any CPU
		{AC3FDD92-D875-4643-81DE-FD997539F8DD}.Release|Any CPU.Build.0 = Release|Any CPU
		{AA3C5B3E-2734-49E3-905A-64C9E6AC70B7}.Debug|Any CPU.ActiveCfg = Debug|Any CPU
		{AA3C5B3E-2734-49E3-905A-64C9E6AC70B7}.Debug|Any CPU.Build.0 = Debug|Any CPU
		{AA3C5B3E-2734-49E3-905A-64C9E6AC70B7}.Release|Any CPU.ActiveCfg = Release|Any CPU
		{AA3C5B3E-2734-49E3-905A-64C9E6AC70B7}.Release|Any CPU.Build.0 = Release|Any CPU
	EndGlobalSection
	GlobalSection(SolutionProperties) = preSolution
		HideSolutionNode = FALSE
	EndGlobalSection
	GlobalSection(NestedProjects) = preSolution
		{AC3FDD92-D875-4643-81DE-FD997539F8DD} = {7D57A460-2C51-42A0-97CE-497F521B1C2E}
		{AA3C5B3E-2734-49E3-905A-64C9E6AC70B7} = {C6202284-75F5-45E8-AEF4-1EAB39848AAB}
	EndGlobalSection
	GlobalSection(ExtensibilityGlobals) = postSolution
		SolutionGuid = {8835F706-7816-49B8-87A3-45F43F94F9EE}
	EndGlobalSection
EndGlobal
